
Microsoft Visual Studio Solution File, Format Version 12.00
# Visual Studio Version 17
VisualStudioVersion = 17.1.32328.378
MinimumVisualStudioVersion = 10.0.40219.1
Project("{FAE04EC0-301F-11D3-BF4B-00C04F79EFBC}") = "mod7_1302204043", "mod7_1302204043\mod7_1302204043.csproj", "{CC96E047-3248-430F-A571-7F18F1BF25DE}"
EndProject
Global
	GlobalSection(SolutionConfigurationPlatforms) = preSolution
		Debug|Any CPU = Debug|Any CPU
		Release|Any CPU = Release|Any CPU
	EndGlobalSection
	GlobalSection(ProjectConfigurationPlatforms) = postSolution
		{CC96E047-3248-430F-A571-7F18F1BF25DE}.Debug|Any CPU.ActiveCfg = Debug|Any CPU
		{CC96E047-3248-430F-A571-7F18F1BF25DE}.Debug|Any CPU.Build.0 = Debug|Any CPU
		{CC96E047-3248-430F-A571-7F18F1BF25DE}.Release|Any CPU.ActiveCfg = Release|Any CPU
		{CC96E047-3248-430F-A571-7F18F1BF25DE}.Release|Any CPU.Build.0 = Release|Any CPU
	EndGlobalSection
	GlobalSection(SolutionProperties) = preSolution
		HideSolutionNode = FALSE
	EndGlobalSection
	GlobalSection(ExtensibilityGlobals) = postSolution
		SolutionGuid = {32BDDEF2-9CA1-43F1-A686-147E3FCDDCCA}
	EndGlobalSection
EndGlobal
